
Microsoft Visual Studio Solution File, Format Version 12.00
# Visual Studio Version 16
VisualStudioVersion = 16.0.32002.261
MinimumVisualStudioVersion = 10.0.40219.1
Project("{FAE04EC0-301F-11D3-BF4B-00C04F79EFBC}") = "WebApplication6", "WebApplication6\WebApplication6.csproj", "{D43C3189-992C-4960-8D60-CE1E3411C166}"
EndProject
Global
	GlobalSection(SolutionConfigurationPlatforms) = preSolution
		Debug|Any CPU = Debug|Any CPU
		Release|Any CPU = Release|Any CPU
	EndGlobalSection
	GlobalSection(ProjectConfigurationPlatforms) = postSolution
		{D43C3189-992C-4960-8D60-CE1E3411C166}.Debug|Any CPU.ActiveCfg = Debug|Any CPU
		{D43C3189-992C-4960-8D60-CE1E3411C166}.Debug|Any CPU.Build.0 = Debug|Any CPU
		{D43C3189-992C-4960-8D60-CE1E3411C166}.Release|Any CPU.ActiveCfg = Release|Any CPU
		{D43C3189-992C-4960-8D60-CE1E3411C166}.Release|Any CPU.Build.0 = Release|Any CPU
	EndGlobalSection
	GlobalSection(SolutionProperties) = preSolution
		HideSolutionNode = FALSE
	EndGlobalSection
	GlobalSection(ExtensibilityGlobals) = postSolution
		SolutionGuid = {6F5DF641-FF63-48A5-B3D9-D803B180A33F}
	EndGlobalSection
EndGlobal
